
Microsoft Visual Studio Solution File, Format Version 12.00
# Visual Studio Version 16
VisualStudioVersion = 16.0.30804.86
MinimumVisualStudioVersion = 10.0.40219.1
Project("{FAE04EC0-301F-11D3-BF4B-00C04F79EFBC}") = "Adapter2", "Adapter2\Adapter2.csproj", "{79B2C725-AF9D-4923-99B0-B36C3FB6930F}"
EndProject
Global
	GlobalSection(SolutionConfigurationPlatforms) = preSolution
		Debug|Any CPU = Debug|Any CPU
		Release|Any CPU = Release|Any CPU
	EndGlobalSection
	GlobalSection(ProjectConfigurationPlatforms) = postSolution
		{79B2C725-AF9D-4923-99B0-B36C3FB6930F}.Debug|Any CPU.ActiveCfg = Debug|Any CPU
		{79B2C725-AF9D-4923-99B0-B36C3FB6930F}.Debug|Any CPU.Build.0 = Debug|Any CPU
		{79B2C725-AF9D-4923-99B0-B36C3FB6930F}.Release|Any CPU.ActiveCfg = Release|Any CPU
		{79B2C725-AF9D-4923-99B0-B36C3FB6930F}.Release|Any CPU.Build.0 = Release|Any CPU
	EndGlobalSection
	GlobalSection(SolutionProperties) = preSolution
		HideSolutionNode = FALSE
	EndGlobalSection
	GlobalSection(ExtensibilityGlobals) = postSolution
		SolutionGuid = {5D112B25-75ED-437D-AC86-FFB64C69212A}
	EndGlobalSection
EndGlobal
