
Microsoft Visual Studio Solution File, Format Version 12.00
# Visual Studio Version 16
VisualStudioVersion = 16.0.30907.101
MinimumVisualStudioVersion = 10.0.40219.1
Project("{FAE04EC0-301F-11D3-BF4B-00C04F79EFBC}") = "ChainOfResponsibilities", "ChainOfResponsibilities\ChainOfResponsibilities.csproj", "{84FE12B8-E1CC-4842-B29D-DBE107065F01}"
EndProject
Global
	GlobalSection(SolutionConfigurationPlatforms) = preSolution
		Debug|Any CPU = Debug|Any CPU
		Release|Any CPU = Release|Any CPU
	EndGlobalSection
	GlobalSection(ProjectConfigurationPlatforms) = postSolution
		{84FE12B8-E1CC-4842-B29D-DBE107065F01}.Debug|Any CPU.ActiveCfg = Debug|Any CPU
		{84FE12B8-E1CC-4842-B29D-DBE107065F01}.Debug|Any CPU.Build.0 = Debug|Any CPU
		{84FE12B8-E1CC-4842-B29D-DBE107065F01}.Release|Any CPU.ActiveCfg = Release|Any CPU
		{84FE12B8-E1CC-4842-B29D-DBE107065F01}.Release|Any CPU.Build.0 = Release|Any CPU
	EndGlobalSection
	GlobalSection(SolutionProperties) = preSolution
		HideSolutionNode = FALSE
	EndGlobalSection
	GlobalSection(ExtensibilityGlobals) = postSolution
		SolutionGuid = {C0A17804-8D46-4EAF-97C4-57285AA64DC9}
	EndGlobalSection
EndGlobal
