
Microsoft Visual Studio Solution File, Format Version 12.00
# Visual Studio Version 16
VisualStudioVersion = 16.0.30804.86
MinimumVisualStudioVersion = 10.0.40219.1
Project("{FAE04EC0-301F-11D3-BF4B-00C04F79EFBC}") = "Adapter", "Adapter\Adapter.csproj", "{A6BA994A-8967-4576-9B30-D2779D63C49D}"
EndProject
Global
	GlobalSection(SolutionConfigurationPlatforms) = preSolution
		Debug|Any CPU = Debug|Any CPU
		Release|Any CPU = Release|Any CPU
	EndGlobalSection
	GlobalSection(ProjectConfigurationPlatforms) = postSolution
		{A6BA994A-8967-4576-9B30-D2779D63C49D}.Debug|Any CPU.ActiveCfg = Debug|Any CPU
		{A6BA994A-8967-4576-9B30-D2779D63C49D}.Debug|Any CPU.Build.0 = Debug|Any CPU
		{A6BA994A-8967-4576-9B30-D2779D63C49D}.Release|Any CPU.ActiveCfg = Release|Any CPU
		{A6BA994A-8967-4576-9B30-D2779D63C49D}.Release|Any CPU.Build.0 = Release|Any CPU
	EndGlobalSection
	GlobalSection(SolutionProperties) = preSolution
		HideSolutionNode = FALSE
	EndGlobalSection
	GlobalSection(ExtensibilityGlobals) = postSolution
		SolutionGuid = {51691271-9141-4725-AEAC-E88D64CE0AAD}
	EndGlobalSection
EndGlobal
